Microsoft Visual Studio Solution File, Format Version 10.00
# Visual Studio 2008

Project("{13E79007-34C3-1865-F9FC-45EA7F3631E9}") = "Gaea", "Gaea.csproj", "{572EEAB1-6559-629B-9339-A24B41EE09D5}"
EndProject
Global
	GlobalSection(SolutionConfigurationPlatforms) = preSolution
		Debug|Any CPU = Debug|Any CPU
		Release|Any CPU = Release|Any CPU
	EndGlobalSection
	GlobalSection(ProjectConfigurationPlatforms) = postSolution
		{572EEAB1-6559-629B-9339-A24B41EE09D5}.Debug|Any CPU.ActiveCfg = Debug|Any CPU
		{572EEAB1-6559-629B-9339-A24B41EE09D5}.Debug|Any CPU.Build.0 = Debug|Any CPU
		{572EEAB1-6559-629B-9339-A24B41EE09D5}.Release|Any CPU.ActiveCfg = Release|Any CPU
		{572EEAB1-6559-629B-9339-A24B41EE09D5}.Release|Any CPU.Build.0 = Release|Any CPU
	EndGlobalSection
	GlobalSection(SolutionProperties) = preSolution
		HideSolutionNode = FALSE
	EndGlobalSection
EndGlobal
